
Microsoft Visual Studio Solution File, Format Version 12.00
# Visual Studio Version 17
VisualStudioVersion = 17.7.34024.191
MinimumVisualStudioVersion = 10.0.40219.1
Project("{FAE04EC0-301F-11D3-BF4B-00C04F79EFBC}") = "SupermarketWEB", "SupermarketWEB.csproj", "{37EB5559-FFA5-42DF-9D0A-DC6644F1184A}"
EndProject
Global
	GlobalSection(SolutionConfigurationPlatforms) = preSolution
		Debug|Any CPU = Debug|Any CPU
		Release|Any CPU = Release|Any CPU
	EndGlobalSection
	GlobalSection(ProjectConfigurationPlatforms) = postSolution
		{37EB5559-FFA5-42DF-9D0A-DC6644F1184A}.Debug|Any CPU.ActiveCfg = Debug|Any CPU
		{37EB5559-FFA5-42DF-9D0A-DC6644F1184A}.Debug|Any CPU.Build.0 = Debug|Any CPU
		{37EB5559-FFA5-42DF-9D0A-DC6644F1184A}.Release|Any CPU.ActiveCfg = Release|Any CPU
		{37EB5559-FFA5-42DF-9D0A-DC6644F1184A}.Release|Any CPU.Build.0 = Release|Any CPU
	EndGlobalSection
	GlobalSection(SolutionProperties) = preSolution
		HideSolutionNode = FALSE
	EndGlobalSection
	GlobalSection(ExtensibilityGlobals) = postSolution
		SolutionGuid = {8A4CBA75-9325-4E73-AA19-D72073A9E124}
	EndGlobalSection
EndGlobal
